
Microsoft Visual Studio Solution File, Format Version 12.00
# Visual Studio 15
VisualStudioVersion = 15.0.26124.0
MinimumVisualStudioVersion = 15.0.26124.0
Project("{FAE04EC0-301F-11D3-BF4B-00C04F79EFBC}") = "UnitOfWorkMongo", "UnitOfWorkMongo\UnitOfWorkMongo.csproj", "{DFD98F7E-C5DD-406C-810E-37E736F3D75F}"
EndProject
Project("{FAE04EC0-301F-11D3-BF4B-00C04F79EFBC}") = "UnitOfWork.Tests", "UnitOfWork.Tests\UnitOfWork.Tests.csproj", "{9B82FD5D-58D7-4E4D-8031-98DFC813B334}"
EndProject
Global
	GlobalSection(SolutionConfigurationPlatforms) = preSolution
		Debug|Any CPU = Debug|Any CPU
		Debug|x64 = Debug|x64
		Debug|x86 = Debug|x86
		Release|Any CPU = Release|Any CPU
		Release|x64 = Release|x64
		Release|x86 = Release|x86
	EndGlobalSection
	GlobalSection(SolutionProperties) = preSolution
		HideSolutionNode = FALSE
	EndGlobalSection
	GlobalSection(ProjectConfigurationPlatforms) = postSolution
		{DFD98F7E-C5DD-406C-810E-37E736F3D75F}.Debug|Any CPU.ActiveCfg = Debug|Any CPU
		{DFD98F7E-C5DD-406C-810E-37E736F3D75F}.Debug|Any CPU.Build.0 = Debug|Any CPU
		{DFD98F7E-C5DD-406C-810E-37E736F3D75F}.Debug|x64.ActiveCfg = Debug|Any CPU
		{DFD98F7E-C5DD-406C-810E-37E736F3D75F}.Debug|x64.Build.0 = Debug|Any CPU
		{DFD98F7E-C5DD-406C-810E-37E736F3D75F}.Debug|x86.ActiveCfg = Debug|Any CPU
		{DFD98F7E-C5DD-406C-810E-37E736F3D75F}.Debug|x86.Build.0 = Debug|Any CPU
		{DFD98F7E-C5DD-406C-810E-37E736F3D75F}.Release|Any CPU.ActiveCfg = Release|Any CPU
		{DFD98F7E-C5DD-406C-810E-37E736F3D75F}.Release|Any CPU.Build.0 = Release|Any CPU
		{DFD98F7E-C5DD-406C-810E-37E736F3D75F}.Release|x64.ActiveCfg = Release|Any CPU
		{DFD98F7E-C5DD-406C-810E-37E736F3D75F}.Release|x64.Build.0 = Release|Any CPU
		{DFD98F7E-C5DD-406C-810E-37E736F3D75F}.Release|x86.ActiveCfg = Release|Any CPU
		{DFD98F7E-C5DD-406C-810E-37E736F3D75F}.Release|x86.Build.0 = Release|Any CPU
		{9B82FD5D-58D7-4E4D-8031-98DFC813B334}.Debug|Any CPU.ActiveCfg = Debug|Any CPU
		{9B82FD5D-58D7-4E4D-8031-98DFC813B334}.Debug|Any CPU.Build.0 = Debug|Any CPU
		{9B82FD5D-58D7-4E4D-8031-98DFC813B334}.Debug|x64.ActiveCfg = Debug|Any CPU
		{9B82FD5D-58D7-4E4D-8031-98DFC813B334}.Debug|x64.Build.0 = Debug|Any CPU
		{9B82FD5D-58D7-4E4D-8031-98DFC813B334}.Debug|x86.ActiveCfg = Debug|Any CPU
		{9B82FD5D-58D7-4E4D-8031-98DFC813B334}.Debug|x86.Build.0 = Debug|Any CPU
		{9B82FD5D-58D7-4E4D-8031-98DFC813B334}.Release|Any CPU.ActiveCfg = Release|Any CPU
		{9B82FD5D-58D7-4E4D-8031-98DFC813B334}.Release|Any CPU.Build.0 = Release|Any CPU
		{9B82FD5D-58D7-4E4D-8031-98DFC813B334}.Release|x64.ActiveCfg = Release|Any CPU
		{9B82FD5D-58D7-4E4D-8031-98DFC813B334}.Release|x64.Build.0 = Release|Any CPU
		{9B82FD5D-58D7-4E4D-8031-98DFC813B334}.Release|x86.ActiveCfg = Release|Any CPU
		{9B82FD5D-58D7-4E4D-8031-98DFC813B334}.Release|x86.Build.0 = Release|Any CPU
	EndGlobalSection
EndGlobal
